PODS:
  - APIKit (1.3.0):
    - Result (~> 2.0.0)
  - ESActiveCounter (0.1.4):
    - ESNotification (~> 0.2.0)
  - ESAppKitExtension (0.1.1)
  - ESCoreGraphicsExtension (0.1.3):
    - Swim (~> 1.4.0)
  - ESNotification (0.2.4):
    - ESThread (~> 0.1.0)
    - Swim (~> 1.4.0)
  - ESProgressHUD (0.1.2):
    - ESActiveCounter (~> 0.1.3)
    - ESAppKitExtension (~> 0.1.1)
    - ESCoreGraphicsExtension (~> 0.1.2)
  - ESTestKit (0.4.0)
  - ESThread (0.1.0)
  - Himotoki (1.7.0)
  - Ocean (1.4.0):
    - ESActiveCounter (~> 0.1.4)
    - ESAppKitExtension (~> 0.1.1)
    - ESCoreGraphicsExtension (~> 0.1.3)
    - ESNotification (~> 0.2.0)
    - ESProgressHUD (~> 0.1.2)
    - ESThread (~> 0.1.0)
    - Swim
  - Result (2.0.0)
  - Swim (1.4.0)

DEPENDENCIES:
  - APIKit
  - ESActiveCounter
  - ESAppKitExtension
  - ESCoreGraphicsExtension
  - ESNotification
  - ESTestKit
  - ESThread
  - Himotoki
  - Ocean
  - Swim

SPEC CHECKSUMS:
  APIKit: 14c0233ad090ae2dcfc9f642bc8158ff7ad50a4b
  ESActiveCounter: 222f94afbe6cd9276eaadf142c88c4ea1a8750b8
  ESAppKitExtension: 3bc92382a286d8ed531c0f2e9e1a0356cae9457c
  ESCoreGraphicsExtension: 187eae3d0bec6a1f6328956305cd9a61fdd6b183
  ESNotification: 3e170ba46dbc40d8beda64027038effc7910deab
  ESProgressHUD: 1ce6537e3813cd96d8fb81ae34d859cd5bd2fad2
  ESTestKit: 148aee3182698f83ec4797c5b4760d72f11f91fa
  ESThread: aa7f1d3e412716cef6c62e116a1da761449f5e48
  Himotoki: a97b4a5861d6d25fc0746f0e19164eef03c19347
  Ocean: 515d7deb90da5e39490db7474a484995dfecb886
  Result: 9e75e1111c774c6ac594e14907b15057053a7959
  Swim: f2ddcf18008ea2b9dd6a2b046bec811a706b7f9b

PODFILE CHECKSUM: 041b56cf3cc66f5784e1f6b160569bd6cfd149b1

COCOAPODS: 1.0.0.beta.6
