PODS:
  - APIKit (1.3.0):
    - Result (~> 2.0.0)
  - ESActiveCounter (0.1.5):
    - ESNotification (~> 0.3.0)
  - ESAppKitExtension (0.1.2)
  - ESCoreGraphicsExtension (0.1.3):
    - Swim (~> 1.4.0)
  - ESNotification (0.3.0):
    - ESThread (>= 0.1.2)
    - Swim (>= 1.4.1)
  - ESProgressHUD (0.2.0):
    - ESActiveCounter (~> 0.1.4)
    - ESAppKitExtension (~> 0.1.1)
    - ESCoreGraphicsExtension (~> 0.1.3)
  - ESTestKit (0.4.0)
  - ESThread (0.1.2)
  - Himotoki (1.7.0)
  - Ocean (1.5.0):
    - ESActiveCounter (~> 0.1.5)
    - ESAppKitExtension (~> 0.1.1)
    - ESCoreGraphicsExtension (~> 0.1.3)
    - ESNotification (~> 0.3.0)
    - ESProgressHUD (~> 0.2.0)
    - ESThread (~> 0.1.2)
    - Swim
  - Result (2.0.0)
  - Swim (1.4.1)

DEPENDENCIES:
  - APIKit
  - ESActiveCounter
  - ESAppKitExtension
  - ESCoreGraphicsExtension
  - ESNotification
  - ESTestKit
  - ESThread
  - Himotoki
  - Ocean
  - Swim

SPEC CHECKSUMS:
  APIKit: 14c0233ad090ae2dcfc9f642bc8158ff7ad50a4b
  ESActiveCounter: 21fdeaa07eb7c748430d39906f54e6b5819f4968
  ESAppKitExtension: 990ea5e3bcd8c951cd5789ce016f4aef18a6c54e
  ESCoreGraphicsExtension: 187eae3d0bec6a1f6328956305cd9a61fdd6b183
  ESNotification: 91828c8a6862e6ccdacda2d87bd24a9597f0f925
  ESProgressHUD: 6af7b70629ba4f4f0effb2d0ade4b77abca8f55c
  ESTestKit: a97ce7bb4acc62abebccc82efa64d0fc1c13899d
  ESThread: 2b98a63113f595bd25eda46928a0ea795ed357a3
  Himotoki: a97b4a5861d6d25fc0746f0e19164eef03c19347
  Ocean: 3d984db48cffe8d49875587a8e4900de3d889d0a
  Result: 9e75e1111c774c6ac594e14907b15057053a7959
  Swim: dacd6fb92f7d42094b97973cdaa69b46891b6d25

PODFILE CHECKSUM: eed65baf59fdc9e139ba5b455ef775a2d5781385

COCOAPODS: 1.0.0.beta.6
