PODS:
  - APIKit (1.4.1):
    - Result (~> 2.0.0)
  - ESActiveCounter (0.1.5):
    - ESNotification (~> 0.3.0)
  - ESAppKitExtension (0.1.2)
  - ESCoreGraphicsExtension (0.1.3):
    - Swim (~> 1.4.0)
  - ESNotification (0.3.0):
    - ESThread (>= 0.1.2)
    - Swim (>= 1.4.1)
  - ESThread (0.1.2)
  - Himotoki (3.0.0)
  - Result (2.0.0)
  - Swim (1.4.2)

DEPENDENCIES:
  - APIKit
  - ESActiveCounter
  - ESAppKitExtension
  - ESCoreGraphicsExtension
  - ESNotification
  - Himotoki

SPEC CHECKSUMS:
  APIKit: 379740d1505c91d5b6ee107110690cb9f060d4df
  ESActiveCounter: 21fdeaa07eb7c748430d39906f54e6b5819f4968
  ESAppKitExtension: 990ea5e3bcd8c951cd5789ce016f4aef18a6c54e
  ESCoreGraphicsExtension: 187eae3d0bec6a1f6328956305cd9a61fdd6b183
  ESNotification: 91828c8a6862e6ccdacda2d87bd24a9597f0f925
  ESThread: 2b98a63113f595bd25eda46928a0ea795ed357a3
  Himotoki: df74b01035e86e021b7b04a15b033a7fd189b84f
  Result: 9e75e1111c774c6ac594e14907b15057053a7959
  Swim: 8775e09a0bdcfe992c6a649c547a1aed2d5394d1

PODFILE CHECKSUM: f039be2cceac4c94ec2679db87520753b25d90ea

COCOAPODS: 1.1.1
